
Microsoft Visual Studio Solution File, Format Version 12.00
# Visual Studio 15
VisualStudioVersion = 15.0.28307.421
MinimumVisualStudioVersion = 10.0.40219.1
Project("{9A19103F-16F7-4668-BE54-9A1E7A4F7556}") = "API", "..\API\API.csproj", "{DFED01EA-D400-4EDF-BFB0-68895C45BA12}"
EndProject
Project("{9A19103F-16F7-4668-BE54-9A1E7A4F7556}") = "Cross", "..\Cross\Cross.csproj", "{80337F8E-9710-4126-AD81-994FF5FA941E}"
EndProject
Project("{9A19103F-16F7-4668-BE54-9A1E7A4F7556}") = "Data", "..\Data\Data.csproj", "{9CECD892-3B94-4C56-A56A-867E3C08568F}"
EndProject
Project("{9A19103F-16F7-4668-BE54-9A1E7A4F7556}") = "Domain", "..\Domain\Domain.csproj", "{876C4A88-DBBA-4D80-8752-1C6FF5BF85E1}"
EndProject
Project("{9A19103F-16F7-4668-BE54-9A1E7A4F7556}") = "Service", "..\Service\Service.csproj", "{DBF5A2BF-2894-46E3-AA69-9A20DE3B938A}"
EndProject
Project("{9A19103F-16F7-4668-BE54-9A1E7A4F7556}") = "Test", "..\Test\Test.csproj", "{A3A191B2-81CF-45ED-AB16-85652FC7BB28}"
EndProject
Global
	GlobalSection(SolutionConfigurationPlatforms) = preSolution
		Debug|Any CPU = Debug|Any CPU
		Release|Any CPU = Release|Any CPU
	EndGlobalSection
	GlobalSection(ProjectConfigurationPlatforms) = postSolution
		{DFED01EA-D400-4EDF-BFB0-68895C45BA12}.Debug|Any CPU.ActiveCfg = Debug|Any CPU
		{DFED01EA-D400-4EDF-BFB0-68895C45BA12}.Debug|Any CPU.Build.0 = Debug|Any CPU
		{DFED01EA-D400-4EDF-BFB0-68895C45BA12}.Release|Any CPU.ActiveCfg = Release|Any CPU
		{DFED01EA-D400-4EDF-BFB0-68895C45BA12}.Release|Any CPU.Build.0 = Release|Any CPU
		{80337F8E-9710-4126-AD81-994FF5FA941E}.Debug|Any CPU.ActiveCfg = Debug|Any CPU
		{80337F8E-9710-4126-AD81-994FF5FA941E}.Debug|Any CPU.Build.0 = Debug|Any CPU
		{80337F8E-9710-4126-AD81-994FF5FA941E}.Release|Any CPU.ActiveCfg = Release|Any CPU
		{80337F8E-9710-4126-AD81-994FF5FA941E}.Release|Any CPU.Build.0 = Release|Any CPU
		{9CECD892-3B94-4C56-A56A-867E3C08568F}.Debug|Any CPU.ActiveCfg = Debug|Any CPU
		{9CECD892-3B94-4C56-A56A-867E3C08568F}.Debug|Any CPU.Build.0 = Debug|Any CPU
		{9CECD892-3B94-4C56-A56A-867E3C08568F}.Release|Any CPU.ActiveCfg = Release|Any CPU
		{9CECD892-3B94-4C56-A56A-867E3C08568F}.Release|Any CPU.Build.0 = Release|Any CPU
		{876C4A88-DBBA-4D80-8752-1C6FF5BF85E1}.Debug|Any CPU.ActiveCfg = Debug|Any CPU
		{876C4A88-DBBA-4D80-8752-1C6FF5BF85E1}.Debug|Any CPU.Build.0 = Debug|Any CPU
		{876C4A88-DBBA-4D80-8752-1C6FF5BF85E1}.Release|Any CPU.ActiveCfg = Release|Any CPU
		{876C4A88-DBBA-4D80-8752-1C6FF5BF85E1}.Release|Any CPU.Build.0 = Release|Any CPU
		{DBF5A2BF-2894-46E3-AA69-9A20DE3B938A}.Debug|Any CPU.ActiveCfg = Debug|Any CPU
		{DBF5A2BF-2894-46E3-AA69-9A20DE3B938A}.Debug|Any CPU.Build.0 = Debug|Any CPU
		{DBF5A2BF-2894-46E3-AA69-9A20DE3B938A}.Release|Any CPU.ActiveCfg = Release|Any CPU
		{DBF5A2BF-2894-46E3-AA69-9A20DE3B938A}.Release|Any CPU.Build.0 = Release|Any CPU
		{A3A191B2-81CF-45ED-AB16-85652FC7BB28}.Debug|Any CPU.ActiveCfg = Debug|Any CPU
		{A3A191B2-81CF-45ED-AB16-85652FC7BB28}.Debug|Any CPU.Build.0 = Debug|Any CPU
		{A3A191B2-81CF-45ED-AB16-85652FC7BB28}.Release|Any CPU.ActiveCfg = Release|Any CPU
		{A3A191B2-81CF-45ED-AB16-85652FC7BB28}.Release|Any CPU.Build.0 = Release|Any CPU
	EndGlobalSection
	GlobalSection(SolutionProperties) = preSolution
		HideSolutionNode = FALSE
	EndGlobalSection
	GlobalSection(ExtensibilityGlobals) = postSolution
		SolutionGuid = {994516B6-1337-4841-BFE1-A85BC1DCC961}
	EndGlobalSection
EndGlobal
