
Microsoft Visual Studio Solution File, Format Version 12.00
# Visual Studio 15
VisualStudioVersion = 15.0.27130.2027
MinimumVisualStudioVersion = 10.0.40219.1
Project("{9A19103F-16F7-4668-BE54-9A1E7A4F7556}") = "API", "API\API.csproj", "{2CE861C8-91AE-445C-83D8-1A19BF8671EE}"
EndProject
Project("{9A19103F-16F7-4668-BE54-9A1E7A4F7556}") = "Cross", "Cross\Cross.csproj", "{C971D43A-E42A-44C6-9DBB-3ABEB58F47D9}"
EndProject
Project("{9A19103F-16F7-4668-BE54-9A1E7A4F7556}") = "Data", "Data\Data.csproj", "{53C310A3-C9AB-4664-B024-1C251A303218}"
EndProject
Project("{9A19103F-16F7-4668-BE54-9A1E7A4F7556}") = "Domain", "Domain\Domain.csproj", "{2B52A55A-1D33-4982-AD62-9F0B36E108F9}"
EndProject
Project("{9A19103F-16F7-4668-BE54-9A1E7A4F7556}") = "Service", "Service\Service.csproj", "{D0A31A1D-497E-4137-A774-239F6B591980}"
EndProject
Project("{9A19103F-16F7-4668-BE54-9A1E7A4F7556}") = "Test", "Test\Test.csproj", "{09C36FAD-BCC3-4A85-9C30-B102BF4CCD33}"
EndProject
Global
	GlobalSection(SolutionConfigurationPlatforms) = preSolution
		Debug|Any CPU = Debug|Any CPU
		Release|Any CPU = Release|Any CPU
	EndGlobalSection
	GlobalSection(ProjectConfigurationPlatforms) = postSolution
		{2CE861C8-91AE-445C-83D8-1A19BF8671EE}.Debug|Any CPU.ActiveCfg = Debug|Any CPU
		{2CE861C8-91AE-445C-83D8-1A19BF8671EE}.Debug|Any CPU.Build.0 = Debug|Any CPU
		{2CE861C8-91AE-445C-83D8-1A19BF8671EE}.Release|Any CPU.ActiveCfg = Release|Any CPU
		{2CE861C8-91AE-445C-83D8-1A19BF8671EE}.Release|Any CPU.Build.0 = Release|Any CPU
		{C971D43A-E42A-44C6-9DBB-3ABEB58F47D9}.Debug|Any CPU.ActiveCfg = Debug|Any CPU
		{C971D43A-E42A-44C6-9DBB-3ABEB58F47D9}.Debug|Any CPU.Build.0 = Debug|Any CPU
		{C971D43A-E42A-44C6-9DBB-3ABEB58F47D9}.Release|Any CPU.ActiveCfg = Release|Any CPU
		{C971D43A-E42A-44C6-9DBB-3ABEB58F47D9}.Release|Any CPU.Build.0 = Release|Any CPU
		{53C310A3-C9AB-4664-B024-1C251A303218}.Debug|Any CPU.ActiveCfg = Debug|Any CPU
		{53C310A3-C9AB-4664-B024-1C251A303218}.Debug|Any CPU.Build.0 = Debug|Any CPU
		{53C310A3-C9AB-4664-B024-1C251A303218}.Release|Any CPU.ActiveCfg = Release|Any CPU
		{53C310A3-C9AB-4664-B024-1C251A303218}.Release|Any CPU.Build.0 = Release|Any CPU
		{2B52A55A-1D33-4982-AD62-9F0B36E108F9}.Debug|Any CPU.ActiveCfg = Debug|Any CPU
		{2B52A55A-1D33-4982-AD62-9F0B36E108F9}.Debug|Any CPU.Build.0 = Debug|Any CPU
		{2B52A55A-1D33-4982-AD62-9F0B36E108F9}.Release|Any CPU.ActiveCfg = Release|Any CPU
		{2B52A55A-1D33-4982-AD62-9F0B36E108F9}.Release|Any CPU.Build.0 = Release|Any CPU
		{D0A31A1D-497E-4137-A774-239F6B591980}.Debug|Any CPU.ActiveCfg = Debug|Any CPU
		{D0A31A1D-497E-4137-A774-239F6B591980}.Debug|Any CPU.Build.0 = Debug|Any CPU
		{D0A31A1D-497E-4137-A774-239F6B591980}.Release|Any CPU.ActiveCfg = Release|Any CPU
		{D0A31A1D-497E-4137-A774-239F6B591980}.Release|Any CPU.Build.0 = Release|Any CPU
		{09C36FAD-BCC3-4A85-9C30-B102BF4CCD33}.Debug|Any CPU.ActiveCfg = Debug|Any CPU
		{09C36FAD-BCC3-4A85-9C30-B102BF4CCD33}.Debug|Any CPU.Build.0 = Debug|Any CPU
		{09C36FAD-BCC3-4A85-9C30-B102BF4CCD33}.Release|Any CPU.ActiveCfg = Release|Any CPU
		{09C36FAD-BCC3-4A85-9C30-B102BF4CCD33}.Release|Any CPU.Build.0 = Release|Any CPU
	EndGlobalSection
	GlobalSection(SolutionProperties) = preSolution
		HideSolutionNode = FALSE
	EndGlobalSection
	GlobalSection(ExtensibilityGlobals) = postSolution
		SolutionGuid = {F2B94C6F-DAC8-40B4-8A99-B29E29A49942}
	EndGlobalSection
EndGlobal
